
Microsoft Visual Studio Solution File, Format Version 12.00
# Visual Studio Version 17
VisualStudioVersion = 17.0.31903.59
MinimumVisualStudioVersion = 10.0.40219.1
Project("{2150E333-8FDC-42A3-9474-1A3956D46DE8}") = "src", "src", "{0ACF269B-1DC0-4A96-A151-111BC35ADB01}"
EndProject
Project("{FAE04EC0-301F-11D3-BF4B-00C04F79EFBC}") = "Segfy.Policies.Api", "src\Segfy.Policies.Api\Segfy.Policies.Api.csproj", "{CE7DCE40-1EB4-4FFC-B4C3-39F635084109}"
EndProject
Project("{2150E333-8FDC-42A3-9474-1A3956D46DE8}") = "tests", "tests", "{1743AC56-718B-4ED7-AFD9-50484E536970}"
EndProject
Project("{FAE04EC0-301F-11D3-BF4B-00C04F79EFBC}") = "Segfy.Policies.Tests", "tests\Segfy.Policies.Tests\Segfy.Policies.Tests.csproj", "{6A8FFF1C-67D0-48F5-8065-2B05215DF238}"
EndProject
Global
	GlobalSection(SolutionConfigurationPlatforms) = preSolution
		Debug|Any CPU = Debug|Any CPU
		Release|Any CPU = Release|Any CPU
	EndGlobalSection
	GlobalSection(SolutionProperties) = preSolution
		HideSolutionNode = FALSE
	EndGlobalSection
	GlobalSection(ProjectConfigurationPlatforms) = postSolution
		{CE7DCE40-1EB4-4FFC-B4C3-39F635084109}.Debug|Any CPU.ActiveCfg = Debug|Any CPU
		{CE7DCE40-1EB4-4FFC-B4C3-39F635084109}.Debug|Any CPU.Build.0 = Debug|Any CPU
		{CE7DCE40-1EB4-4FFC-B4C3-39F635084109}.Release|Any CPU.ActiveCfg = Release|Any CPU
		{CE7DCE40-1EB4-4FFC-B4C3-39F635084109}.Release|Any CPU.Build.0 = Release|Any CPU
		{6A8FFF1C-67D0-48F5-8065-2B05215DF238}.Debug|Any CPU.ActiveCfg = Debug|Any CPU
		{6A8FFF1C-67D0-48F5-8065-2B05215DF238}.Debug|Any CPU.Build.0 = Debug|Any CPU
		{6A8FFF1C-67D0-48F5-8065-2B05215DF238}.Release|Any CPU.ActiveCfg = Release|Any CPU
		{6A8FFF1C-67D0-48F5-8065-2B05215DF238}.Release|Any CPU.Build.0 = Release|Any CPU
	EndGlobalSection
	GlobalSection(NestedProjects) = preSolution
		{CE7DCE40-1EB4-4FFC-B4C3-39F635084109} = {0ACF269B-1DC0-4A96-A151-111BC35ADB01}
		{6A8FFF1C-67D0-48F5-8065-2B05215DF238} = {1743AC56-718B-4ED7-AFD9-50484E536970}
	EndGlobalSection
EndGlobal
